
Microsoft Visual Studio Solution File, Format Version 12.00
# Visual Studio Version 16
VisualStudioVersion = 16.0.31105.61
MinimumVisualStudioVersion = 10.0.40219.1
Project("{FAE04EC0-301F-11D3-BF4B-00C04F79EFBC}") = "01. Furniture", "C:\Users\Христо\source\repos\Exercise- Regular Expressions\Exercise- Regular Expressions\01. Furniture.csproj", "{DA5C9018-ABB0-451B-8380-F3EEF8321AD8}"
EndProject
Project("{FAE04EC0-301F-11D3-BF4B-00C04F79EFBC}") = "02. Race", "C:\Users\Христо\source\repos\Exercise- Regular Expressions\02. Race\02. Race.csproj", "{4B1F83EB-B6BC-46FE-8458-3BD371CA0878}"
EndProject
Project("{FAE04EC0-301F-11D3-BF4B-00C04F79EFBC}") = "03. SoftUni Bar Income", "03. SoftUni Bar Income\03. SoftUni Bar Income.csproj", "{A58AB820-B453-4B79-86AE-FE478C224AA5}"
EndProject
Project("{FAE04EC0-301F-11D3-BF4B-00C04F79EFBC}") = "04. Star Enigma", "04. Star Enigma\04. Star Enigma.csproj", "{07E0EE4F-6C4A-4634-AEFB-814BA0EE87B1}"
EndProject
Project("{FAE04EC0-301F-11D3-BF4B-00C04F79EFBC}") = "05. Nether Realms", "05. Nether Realms\05. Nether Realms.csproj", "{D4F8EEB9-18A0-4E04-96B3-47EB6C381AF4}"
EndProject
Global
	GlobalSection(SolutionConfigurationPlatforms) = preSolution
		Debug|Any CPU = Debug|Any CPU
		Release|Any CPU = Release|Any CPU
	EndGlobalSection
	GlobalSection(ProjectConfigurationPlatforms) = postSolution
		{DA5C9018-ABB0-451B-8380-F3EEF8321AD8}.Debug|Any CPU.ActiveCfg = Debug|Any CPU
		{DA5C9018-ABB0-451B-8380-F3EEF8321AD8}.Debug|Any CPU.Build.0 = Debug|Any CPU
		{DA5C9018-ABB0-451B-8380-F3EEF8321AD8}.Release|Any CPU.ActiveCfg = Release|Any CPU
		{DA5C9018-ABB0-451B-8380-F3EEF8321AD8}.Release|Any CPU.Build.0 = Release|Any CPU
		{4B1F83EB-B6BC-46FE-8458-3BD371CA0878}.Debug|Any CPU.ActiveCfg = Debug|Any CPU
		{4B1F83EB-B6BC-46FE-8458-3BD371CA0878}.Debug|Any CPU.Build.0 = Debug|Any CPU
		{4B1F83EB-B6BC-46FE-8458-3BD371CA0878}.Release|Any CPU.ActiveCfg = Release|Any CPU
		{4B1F83EB-B6BC-46FE-8458-3BD371CA0878}.Release|Any CPU.Build.0 = Release|Any CPU
		{A58AB820-B453-4B79-86AE-FE478C224AA5}.Debug|Any CPU.ActiveCfg = Debug|Any CPU
		{A58AB820-B453-4B79-86AE-FE478C224AA5}.Debug|Any CPU.Build.0 = Debug|Any CPU
		{A58AB820-B453-4B79-86AE-FE478C224AA5}.Release|Any CPU.ActiveCfg = Release|Any CPU
		{A58AB820-B453-4B79-86AE-FE478C224AA5}.Release|Any CPU.Build.0 = Release|Any CPU
		{07E0EE4F-6C4A-4634-AEFB-814BA0EE87B1}.Debug|Any CPU.ActiveCfg = Debug|Any CPU
		{07E0EE4F-6C4A-4634-AEFB-814BA0EE87B1}.Debug|Any CPU.Build.0 = Debug|Any CPU
		{07E0EE4F-6C4A-4634-AEFB-814BA0EE87B1}.Release|Any CPU.ActiveCfg = Release|Any CPU
		{07E0EE4F-6C4A-4634-AEFB-814BA0EE87B1}.Release|Any CPU.Build.0 = Release|Any CPU
		{D4F8EEB9-18A0-4E04-96B3-47EB6C381AF4}.Debug|Any CPU.ActiveCfg = Debug|Any CPU
		{D4F8EEB9-18A0-4E04-96B3-47EB6C381AF4}.Debug|Any CPU.Build.0 = Debug|Any CPU
		{D4F8EEB9-18A0-4E04-96B3-47EB6C381AF4}.Release|Any CPU.ActiveCfg = Release|Any CPU
		{D4F8EEB9-18A0-4E04-96B3-47EB6C381AF4}.Release|Any CPU.Build.0 = Release|Any CPU
	EndGlobalSection
	GlobalSection(SolutionProperties) = preSolution
		HideSolutionNode = FALSE
	EndGlobalSection
	GlobalSection(ExtensibilityGlobals) = postSolution
		SolutionGuid = {4C097357-FAA5-42E3-9869-48E571DF6894}
	EndGlobalSection
EndGlobal
